// !$*UTF8*$!
{
	archiveVersion = 1;
	classes = {
	};
	objectVersion = 50;
	objects = {

/* Begin PBXBuildFile section */
		0E40B808538813437BE356A7 /* Pods_FixIN.framework in Frameworks */ = {isa = PBXBuildFile; fileRef = 0523165AE53B4BDA2B0E48D1 /* Pods_FixIN.framework */; };
		150112DB221F986A00AC34AC /* TradesmanLoginViewController.swift in Sources */ = {isa = PBXBuildFile; fileRef = 150112DA221F986A00AC34AC /* TradesmanLoginViewController.swift */; };
		150112DD221F988300AC34AC /* TradesmanRegisterViewController.swift in Sources */ = {isa = PBXBuildFile; fileRef = 150112DC221F988300AC34AC /* TradesmanRegisterViewController.swift */; };
		151FB2B7223B309000B9FC83 /* SideMenuViewController.swift in Sources */ = {isa = PBXBuildFile; fileRef = 151FB2B6223B309000B9FC83 /* SideMenuViewController.swift */; };
		153207C022260D3B0029F4BF /* SignupEmailViewController.swift in Sources */ = {isa = PBXBuildFile; fileRef = 153207BF22260D3B0029F4BF /* SignupEmailViewController.swift */; };
		153207C3222629700029F4BF /* TradesmanTableViewCell.swift in Sources */ = {isa = PBXBuildFile; fileRef = 153207C2222629700029F4BF /* TradesmanTableViewCell.swift */; };
		153207C522262A120029F4BF /* TradesmanDetailViewController.swift in Sources */ = {isa = PBXBuildFile; fileRef = 153207C422262A120029F4BF /* TradesmanDetailViewController.swift */; };
		153207CE222685050029F4BF /* ProfileViewController.swift in Sources */ = {isa = PBXBuildFile; fileRef = 153207CD222685050029F4BF /* ProfileViewController.swift */; };
		153DB5E522530FEC007295BB /* ReviewTradesmanViewController.swift in Sources */ = {isa = PBXBuildFile; fileRef = 153DB5E422530FEC007295BB /* ReviewTradesmanViewController.swift */; };
		15422A4B222B58560085BC1D /* PendingCustomersViewController.swift in Sources */ = {isa = PBXBuildFile; fileRef = 15422A4A222B58560085BC1D /* PendingCustomersViewController.swift */; };
		15422A4D222B58E40085BC1D /* CustomersPendingTableViewCell.swift in Sources */ = {isa = PBXBuildFile; fileRef = 15422A4C222B58E40085BC1D /* CustomersPendingTableViewCell.swift */; };
		15422A4F222B624D0085BC1D /* ChatWithCustomerViewController.swift in Sources */ = {isa = PBXBuildFile; fileRef = 15422A4E222B624D0085BC1D /* ChatWithCustomerViewController.swift */; };
		1552110C224DD3F50080AB5B /* CategoryCollectionViewCell.swift in Sources */ = {isa = PBXBuildFile; fileRef = 1552110B224DD3F50080AB5B /* CategoryCollectionViewCell.swift */; };
		15548C21224AF14300833043 /* SearchTableViewController.swift in Sources */ = {isa = PBXBuildFile; fileRef = 15548C20224AF14300833043 /* SearchTableViewController.swift */; };
		155A87442218F2EE006EBEE2 /* RegisterViewController.swift in Sources */ = {isa = PBXBuildFile; fileRef = 155A87432218F2EE006EBEE2 /* RegisterViewController.swift */; };
		155A87462218FA2B006EBEE2 /* LoginViewController.swift in Sources */ = {isa = PBXBuildFile; fileRef = 155A87452218FA2B006EBEE2 /* LoginViewController.swift */; };
		155A874E221920DC006EBEE2 /* TradesmanListViewController.swift in Sources */ = {isa = PBXBuildFile; fileRef = 155A874D221920DC006EBEE2 /* TradesmanListViewController.swift */; };
		157240B0221E07750025EF68 /* GoogleService-Info.plist in Resources */ = {isa = PBXBuildFile; fileRef = 157240AF221E07740025EF68 /* GoogleService-Info.plist */; };
		15789A46224F08650023F608 /* UserBookingsViewController.swift in Sources */ = {isa = PBXBuildFile; fileRef = 15789A45224F08650023F608 /* UserBookingsViewController.swift */; };
		157EF69E22290F6500DC02EC /* TradesmanProfileViewController.swift in Sources */ = {isa = PBXBuildFile; fileRef = 157EF69D22290F6500DC02EC /* TradesmanProfileViewController.swift */; };
		157EF6AC22292F8700DC02EC /* PendingNavigationViewController.swift in Sources */ = {isa = PBXBuildFile; fileRef = 157EF6AB22292F8700DC02EC /* PendingNavigationViewController.swift */; };
		157EF6B22229329300DC02EC /* ConfirmJobsNavigationViewController.swift in Sources */ = {isa = PBXBuildFile; fileRef = 157EF6B12229329300DC02EC /* ConfirmJobsNavigationViewController.swift */; };
		157EF6B62229345B00DC02EC /* CustomerTableViewCell.swift in Sources */ = {isa = PBXBuildFile; fileRef = 157EF6B52229345B00DC02EC /* CustomerTableViewCell.swift */; };
		157EF6BA2229355200DC02EC /* ConfirmCustomerListViewController.swift in Sources */ = {isa = PBXBuildFile; fileRef = 157EF6B92229355200DC02EC /* ConfirmCustomerListViewController.swift */; };
		1582CFE3220E243A00EF8AA7 /* AppDelegate.swift in Sources */ = {isa = PBXBuildFile; fileRef = 1582CFE2220E243A00EF8AA7 /* AppDelegate.swift */; };
		1582CFE5220E243A00EF8AA7 /* ViewController.swift in Sources */ = {isa = PBXBuildFile; fileRef = 1582CFE4220E243A00EF8AA7 /* ViewController.swift */; };
		1582CFE8220E243A00EF8AA7 /* Main.storyboard in Resources */ = {isa = PBXBuildFile; fileRef = 1582CFE6220E243A00EF8AA7 /* Main.storyboard */; };
		1582CFEA220E244100EF8AA7 /* Assets.xcassets in Resources */ = {isa = PBXBuildFile; fileRef = 1582CFE9220E244100EF8AA7 /* Assets.xcassets */; };
		1582CFED220E244100EF8AA7 /* LaunchScreen.storyboard in Resources */ = {isa = PBXBuildFile; fileRef = 1582CFEB220E244100EF8AA7 /* LaunchScreen.storyboard */; };
		158DD628222F333D0017A692 /* ProfileNavigationViewController.swift in Sources */ = {isa = PBXBuildFile; fileRef = 158DD627222F333D0017A692 /* ProfileNavigationViewController.swift */; };
		158DD62A222F33F20017A692 /* NotificationNavigationViewController.swift in Sources */ = {isa = PBXBuildFile; fileRef = 158DD629222F33F20017A692 /* NotificationNavigationViewController.swift */; };
		158DD62C222F347C0017A692 /* SearchNavigationViewController.swift in Sources */ = {isa = PBXBuildFile; fileRef = 158DD62B222F347C0017A692 /* SearchNavigationViewController.swift */; };
		158DD62E222F34D50017A692 /* SearchViewController.swift in Sources */ = {isa = PBXBuildFile; fileRef = 158DD62D222F34D50017A692 /* SearchViewController.swift */; };
		158DD630222F34F90017A692 /* NotificationViewController.swift in Sources */ = {isa = PBXBuildFile; fileRef = 158DD62F222F34F90017A692 /* NotificationViewController.swift */; };
		158DD632222F5D3E0017A692 /* ChatTradesmanViewController.swift in Sources */ = {isa = PBXBuildFile; fileRef = 158DD631222F5D3E0017A692 /* ChatTradesmanViewController.swift */; };
		1594815D2241923500ED94D7 /* SearchTradesmanTableViewCell.swift in Sources */ = {isa = PBXBuildFile; fileRef = 1594815C2241923500ED94D7 /* SearchTradesmanTableViewCell.swift */; };
		1594816322430EED00ED94D7 /* TradesmanProfileNavigationViewController.swift in Sources */ = {isa = PBXBuildFile; fileRef = 1594816222430EED00ED94D7 /* TradesmanProfileNavigationViewController.swift */; };
		159481652243116F00ED94D7 /* MenuTradesmanProfileViewController.swift in Sources */ = {isa = PBXBuildFile; fileRef = 159481642243116F00ED94D7 /* MenuTradesmanProfileViewController.swift */; };
		1599CF20224F1249001BBF31 /* ViewUserBookingTableViewCell.swift in Sources */ = {isa = PBXBuildFile; fileRef = 1599CF1F224F1249001BBF31 /* ViewUserBookingTableViewCell.swift */; };
		15B0AF832238924200234675 /* CategoryList.swift in Sources */ = {isa = PBXBuildFile; fileRef = 15B0AF822238924200234675 /* CategoryList.swift */; };
		15BC5B7B2256CB7300A11C28 /* ChatCollectionViewCell.swift in Sources */ = {isa = PBXBuildFile; fileRef = 15BC5B7A2256CB7300A11C28 /* ChatCollectionViewCell.swift */; };
		15BFCC73225D71C5003EA6C1 /* NotificationTableViewCell.swift in Sources */ = {isa = PBXBuildFile; fileRef = 15BFCC72225D71C5003EA6C1 /* NotificationTableViewCell.swift */; };
		15CD5E1C2239CB93004F88DC /* Test_&_Sample.swift in Sources */ = {isa = PBXBuildFile; fileRef = 15CD5E1B2239CB93004F88DC /* Test_&_Sample.swift */; };
		15F1A8E9221931D00075B0AF /* ShowCategory.swift in Sources */ = {isa = PBXBuildFile; fileRef = 15F1A8E8221931D00075B0AF /* ShowCategory.swift */; };
		15FCA70722442AC70000F813 /* UserChatListTableViewController.swift in Sources */ = {isa = PBXBuildFile; fileRef = 15FCA70622442AC70000F813 /* UserChatListTableViewController.swift */; };
		15FCA70B224432BB0000F813 /* Message.swift in Sources */ = {isa = PBXBuildFile; fileRef = 15FCA70A224432BB0000F813 /* Message.swift */; };
		15FCA70D22446A910000F813 /* UserChatTableViewCell.swift in Sources */ = {isa = PBXBuildFile; fileRef = 15FCA70C22446A910000F813 /* UserChatTableViewCell.swift */; };
/* End PBXBuildFile section */

/* Begin PBXFileReference section */
		0523165AE53B4BDA2B0E48D1 /* Pods_FixIN.framework */ = {isa = PBXFileReference; explicitFileType = wrapper.framework; includeInIndex = 0; path = Pods_FixIN.framework; sourceTree = BUILT_PRODUCTS_DIR; };
		150112DA221F986A00AC34AC /* TradesmanLoginViewController.swift */ = {isa = PBXFileReference; lastKnownFileType = sourcecode.swift; path = TradesmanLoginViewController.swift; sourceTree = "<group>"; };
		150112DC221F988300AC34AC /* TradesmanRegisterViewController.swift */ = {isa = PBXFileReference; lastKnownFileType = sourcecode.swift; path = TradesmanRegisterViewController.swift; sourceTree = "<group>"; };
		151FB2B6223B309000B9FC83 /* SideMenuViewController.swift */ = {isa = PBXFileReference; lastKnownFileType = sourcecode.swift; path = SideMenuViewController.swift; sourceTree = "<group>"; };
		153207BF22260D3B0029F4BF /* SignupEmailViewController.swift */ = {isa = PBXFileReference; lastKnownFileType = sourcecode.swift; path = SignupEmailViewController.swift; sourceTree = "<group>"; };
		153207C2222629700029F4BF /* TradesmanTableViewCell.swift */ = {isa = PBXFileReference; lastKnownFileType = sourcecode.swift; path = TradesmanTableViewCell.swift; sourceTree = "<group>"; };
		153207C422262A120029F4BF /* TradesmanDetailViewController.swift */ = {isa = PBXFileReference; lastKnownFileType = sourcecode.swift; path = TradesmanDetailViewController.swift; sourceTree = "<group>"; };
		153207CD222685050029F4BF /* ProfileViewController.swift */ = {isa = PBXFileReference; lastKnownFileType = sourcecode.swift; path = ProfileViewController.swift; sourceTree = "<group>"; };
		153DB5E422530FEC007295BB /* ReviewTradesmanViewController.swift */ = {isa = PBXFileReference; lastKnownFileType = sourcecode.swift; path = ReviewTradesmanViewController.swift; sourceTree = "<group>"; };
		15422A4A222B58560085BC1D /* PendingCustomersViewController.swift */ = {isa = PBXFileReference; lastKnownFileType = sourcecode.swift; path = PendingCustomersViewController.swift; sourceTree = "<group>"; };
		15422A4C222B58E40085BC1D /* CustomersPendingTableViewCell.swift */ = {isa = PBXFileReference; lastKnownFileType = sourcecode.swift; path = CustomersPendingTableViewCell.swift; sourceTree = "<group>"; };
		15422A4E222B624D0085BC1D /* ChatWithCustomerViewController.swift */ = {isa = PBXFileReference; lastKnownFileType = sourcecode.swift; path = ChatWithCustomerViewController.swift; sourceTree = "<group>"; };
		1552110B224DD3F50080AB5B /* CategoryCollectionViewCell.swift */ = {isa = PBXFileReference; lastKnownFileType = sourcecode.swift; path = CategoryCollectionViewCell.swift; sourceTree = "<group>"; };
		15548C20224AF14300833043 /* SearchTableViewController.swift */ = {isa = PBXFileReference; lastKnownFileType = sourcecode.swift; path = SearchTableViewController.swift; sourceTree = "<group>"; };
		155A87432218F2EE006EBEE2 /* RegisterViewController.swift */ = {isa = PBXFileReference; lastKnownFileType = sourcecode.swift; path = RegisterViewController.swift; sourceTree = "<group>"; };
		155A87452218FA2B006EBEE2 /* LoginViewController.swift */ = {isa = PBXFileReference; lastKnownFileType = sourcecode.swift; path = LoginViewController.swift; sourceTree = "<group>"; };
		155A874D221920DC006EBEE2 /* TradesmanListViewController.swift */ = {isa = PBXFileReference; lastKnownFileType = sourcecode.swift; path = TradesmanListViewController.swift; sourceTree = "<group>"; };
		157240AF221E07740025EF68 /* GoogleService-Info.plist */ = {isa = PBXFileReference; fileEncoding = 4; lastKnownFileType = text.plist.xml; name = "GoogleService-Info.plist"; path = "../../../../../Downloads/GoogleService-Info.plist"; sourceTree = "<group>"; };
		15789A45224F08650023F608 /* UserBookingsViewController.swift */ = {isa = PBXFileReference; lastKnownFileType = sourcecode.swift; path = UserBookingsViewController.swift; sourceTree = "<group>"; };
		157EF69D22290F6500DC02EC /* TradesmanProfileViewController.swift */ = {isa = PBXFileReference; lastKnownFileType = sourcecode.swift; path = TradesmanProfileViewController.swift; sourceTree = "<group>"; };
		157EF6AB22292F8700DC02EC /* PendingNavigationViewController.swift */ = {isa = PBXFileReference; lastKnownFileType = sourcecode.swift; path = PendingNavigationViewController.swift; sourceTree = "<group>"; };
		157EF6B12229329300DC02EC /* ConfirmJobsNavigationViewController.swift */ = {isa = PBXFileReference; lastKnownFileType = sourcecode.swift; path = ConfirmJobsNavigationViewController.swift; sourceTree = "<group>"; };
		157EF6B52229345B00DC02EC /* CustomerTableViewCell.swift */ = {isa = PBXFileReference; lastKnownFileType = sourcecode.swift; path = CustomerTableViewCell.swift; sourceTree = "<group>"; };
		157EF6B92229355200DC02EC /* ConfirmCustomerListViewController.swift */ = {isa = PBXFileReference; lastKnownFileType = sourcecode.swift; path = ConfirmCustomerListViewController.swift; sourceTree = "<group>"; };
		1582CFDF220E243A00EF8AA7 /* FixIN.app */ = {isa = PBXFileReference; explicitFileType = wrapper.application; includeInIndex = 0; path = FixIN.app; sourceTree = BUILT_PRODUCTS_DIR; };
		1582CFE2220E243A00EF8AA7 /* AppDelegate.swift */ = {isa = PBXFileReference; lastKnownFileType = sourcecode.swift; path = AppDelegate.swift; sourceTree = "<group>"; };
		1582CFE4220E243A00EF8AA7 /* ViewController.swift */ = {isa = PBXFileReference; lastKnownFileType = sourcecode.swift; path = ViewController.swift; sourceTree = "<group>"; };
		1582CFE7220E243A00EF8AA7 /* Base */ = {isa = PBXFileReference; lastKnownFileType = file.storyboard; name = Base; path = Base.lproj/Main.storyboard; sourceTree = "<group>"; };
		1582CFE9220E244100EF8AA7 /* Assets.xcassets */ = {isa = PBXFileReference; lastKnownFileType = folder.assetcatalog; path = Assets.xcassets; sourceTree = "<group>"; };
		1582CFEC220E244100EF8AA7 /* Base */ = {isa = PBXFileReference; lastKnownFileType = file.storyboard; name = Base; path = Base.lproj/LaunchScreen.storyboard; sourceTree = "<group>"; };
		1582CFEE220E244100EF8AA7 /* Info.plist */ = {isa = PBXFileReference; lastKnownFileType = text.plist.xml; path = Info.plist; sourceTree = "<group>"; };
		158DD627222F333D0017A692 /* ProfileNavigationViewController.swift */ = {isa = PBXFileReference; lastKnownFileType = sourcecode.swift; path = ProfileNavigationViewController.swift; sourceTree = "<group>"; };
		158DD629222F33F20017A692 /* NotificationNavigationViewController.swift */ = {isa = PBXFileReference; lastKnownFileType = sourcecode.swift; path = NotificationNavigationViewController.swift; sourceTree = "<group>"; };
		158DD62B222F347C0017A692 /* SearchNavigationViewController.swift */ = {isa = PBXFileReference; lastKnownFileType = sourcecode.swift; path = SearchNavigationViewController.swift; sourceTree = "<group>"; };
		158DD62D222F34D50017A692 /* SearchViewController.swift */ = {isa = PBXFileReference; lastKnownFileType = sourcecode.swift; path = SearchViewController.swift; sourceTree = "<group>"; };
		158DD62F222F34F90017A692 /* NotificationViewController.swift */ = {isa = PBXFileReference; lastKnownFileType = sourcecode.swift; path = NotificationViewController.swift; sourceTree = "<group>"; };
		158DD631222F5D3E0017A692 /* ChatTradesmanViewController.swift */ = {isa = PBXFileReference; lastKnownFileType = sourcecode.swift; path = ChatTradesmanViewController.swift; sourceTree = "<group>"; };
		1594815C2241923500ED94D7 /* SearchTradesmanTableViewCell.swift */ = {isa = PBXFileReference; lastKnownFileType = sourcecode.swift; path = SearchTradesmanTableViewCell.swift; sourceTree = "<group>"; };
		1594816222430EED00ED94D7 /* TradesmanProfileNavigationViewController.swift */ = {isa = PBXFileReference; lastKnownFileType = sourcecode.swift; path = TradesmanProfileNavigationViewController.swift; sourceTree = "<group>"; };
		159481642243116F00ED94D7 /* MenuTradesmanProfileViewController.swift */ = {isa = PBXFileReference; lastKnownFileType = sourcecode.swift; path = MenuTradesmanProfileViewController.swift; sourceTree = "<group>"; };
		1599CF1F224F1249001BBF31 /* ViewUserBookingTableViewCell.swift */ = {isa = PBXFileReference; lastKnownFileType = sourcecode.swift; path = ViewUserBookingTableViewCell.swift; sourceTree = "<group>"; };
		15B0AF822238924200234675 /* CategoryList.swift */ = {isa = PBXFileReference; lastKnownFileType = sourcecode.swift; path = CategoryList.swift; sourceTree = "<group>"; };
		15BC5B7A2256CB7300A11C28 /* ChatCollectionViewCell.swift */ = {isa = PBXFileReference; lastKnownFileType = sourcecode.swift; path = ChatCollectionViewCell.swift; sourceTree = "<group>"; };
		15BFCC72225D71C5003EA6C1 /* NotificationTableViewCell.swift */ = {isa = PBXFileReference; lastKnownFileType = sourcecode.swift; path = NotificationTableViewCell.swift; sourceTree = "<group>"; };
		15CD5E1B2239CB93004F88DC /* Test_&_Sample.swift */ = {isa = PBXFileReference; lastKnownFileType = sourcecode.swift; path = "Test_&_Sample.swift"; sourceTree = "<group>"; };
		15F1A8E8221931D00075B0AF /* ShowCategory.swift */ = {isa = PBXFileReference; lastKnownFileType = sourcecode.swift; path = ShowCategory.swift; sourceTree = "<group>"; };
		15FCA70622442AC70000F813 /* UserChatListTableViewController.swift */ = {isa = PBXFileReference; lastKnownFileType = sourcecode.swift; path = UserChatListTableViewController.swift; sourceTree = "<group>"; };
		15FCA70A224432BB0000F813 /* Message.swift */ = {isa = PBXFileReference; lastKnownFileType = sourcecode.swift; path = Message.swift; sourceTree = "<group>"; };
		15FCA70C22446A910000F813 /* UserChatTableViewCell.swift */ = {isa = PBXFileReference; lastKnownFileType = sourcecode.swift; path = UserChatTableViewCell.swift; sourceTree = "<group>"; };
		76F9F6F2C2AB7B05D5BAB504 /* Pods-FixIN.release.xcconfig */ = {isa = PBXFileReference; includeInIndex = 1; lastKnownFileType = text.xcconfig; name = "Pods-FixIN.release.xcconfig"; path = "Target Support Files/Pods-FixIN/Pods-FixIN.release.xcconfig"; sourceTree = "<group>"; };
		F5352CF17D4D8075AA092DFA /* Pods-FixIN.debug.xcconfig */ = {isa = PBXFileReference; includeInIndex = 1; lastKnownFileType = text.xcconfig; name = "Pods-FixIN.debug.xcconfig"; path = "Target Support Files/Pods-FixIN/Pods-FixIN.debug.xcconfig"; sourceTree = "<group>"; };
/* End PBXFileReference section */

/* Begin PBXFrameworksBuildPhase section */
		1582CFDC220E243A00EF8AA7 /* Frameworks */ = {
			isa = PBXFrameworksBuildPhase;
			buildActionMask = 2147483647;
			files = (
				0E40B808538813437BE356A7 /* Pods_FixIN.framework in Frameworks */,
			);
			runOnlyForDeploymentPostprocessing = 0;
		};
/* End PBXFrameworksBuildPhase section */

/* Begin PBXGroup section */
		150112D8221F7DCA00AC34AC /* CustomerViewControllers */ = {
			isa = PBXGroup;
			children = (
				153207CC222684DA0029F4BF /* BottonTabBarViewControllers */,
				153207C7222638140029F4BF /* CategoryView */,
				153207C6222630E60029F4BF /* LoginAndSignup */,
				153207C1222629370029F4BF /* TradesmanTableView */,
			);
			path = CustomerViewControllers;
			sourceTree = "<group>";
		};
		150112D9221F984000AC34AC /* TradesmanViewControllers */ = {
			isa = PBXGroup;
			children = (
				157EF69422290B6400DC02EC /* TabBar Controllers */,
				157EF69322290B4C00DC02EC /* LoginAndSignup */,
			);
			path = TradesmanViewControllers;
			sourceTree = "<group>";
		};
		151FB2B8223B421200B9FC83 /* NavigationControllers */ = {
			isa = PBXGroup;
			children = (
				158DD627222F333D0017A692 /* ProfileNavigationViewController.swift */,
				158DD629222F33F20017A692 /* NotificationNavigationViewController.swift */,
				158DD62B222F347C0017A692 /* SearchNavigationViewController.swift */,
				1594815C2241923500ED94D7 /* SearchTradesmanTableViewCell.swift */,
				15BFCC72225D71C5003EA6C1 /* NotificationTableViewCell.swift */,
			);
			path = NavigationControllers;
			sourceTree = "<group>";
		};
		153207C1222629370029F4BF /* TradesmanTableView */ = {
			isa = PBXGroup;
			children = (
				1586CFAE223B154F00B2EB83 /* Controllers */,
			);
			path = TradesmanTableView;
			sourceTree = "<group>";
		};
		153207C6222630E60029F4BF /* LoginAndSignup */ = {
			isa = PBXGroup;
			children = (
				155A87432218F2EE006EBEE2 /* RegisterViewController.swift */,
				155A87452218FA2B006EBEE2 /* LoginViewController.swift */,
				153207BF22260D3B0029F4BF /* SignupEmailViewController.swift */,
			);
			path = LoginAndSignup;
			sourceTree = "<group>";
		};
		153207C7222638140029F4BF /* CategoryView */ = {
			isa = PBXGroup;
			children = (
				15F1A8E8221931D00075B0AF /* ShowCategory.swift */,
				1552110B224DD3F50080AB5B /* CategoryCollectionViewCell.swift */,
			);
			path = CategoryView;
			sourceTree = "<group>";
		};
		153207CC222684DA0029F4BF /* BottonTabBarViewControllers */ = {
			isa = PBXGroup;
			children = (
				1599CF1E224F1218001BBF31 /* UsersBookings */,
				15FCA7092244329B0000F813 /* ChatControllers */,
				15FCA708224432900000F813 /* ChatModel */,
				151FB2B8223B421200B9FC83 /* NavigationControllers */,
				153207CD222685050029F4BF /* ProfileViewController.swift */,
				158DD62D222F34D50017A692 /* SearchViewController.swift */,
				158DD62F222F34F90017A692 /* NotificationViewController.swift */,
				151FB2B6223B309000B9FC83 /* SideMenuViewController.swift */,
				15548C20224AF14300833043 /* SearchTableViewController.swift */,
			);
			path = BottonTabBarViewControllers;
			sourceTree = "<group>";
		};
		157EF69322290B4C00DC02EC /* LoginAndSignup */ = {
			isa = PBXGroup;
			children = (
				1586CFAA223B0D6300B2EB83 /* Controller */,
				15B0AF812238920A00234675 /* Models */,
			);
			path = LoginAndSignup;
			sourceTree = "<group>";
		};
		157EF69422290B6400DC02EC /* TabBar Controllers */ = {
			isa = PBXGroup;
			children = (
				159481662243118600ED94D7 /* ProfileTradesmanControllers */,
				157EF6AA22292F4200DC02EC /* Pending Job Controllers */,
				157EF6A32229137300DC02EC /* Confirm Job Controllers */,
			);
			path = "TabBar Controllers";
			sourceTree = "<group>";
		};
		157EF6A32229137300DC02EC /* Confirm Job Controllers */ = {
			isa = PBXGroup;
			children = (
				157EF6B12229329300DC02EC /* ConfirmJobsNavigationViewController.swift */,
				157EF6B52229345B00DC02EC /* CustomerTableViewCell.swift */,
				157EF6B92229355200DC02EC /* ConfirmCustomerListViewController.swift */,
				15422A4E222B624D0085BC1D /* ChatWithCustomerViewController.swift */,
			);
			path = "Confirm Job Controllers";
			sourceTree = "<group>";
		};
		157EF6AA22292F4200DC02EC /* Pending Job Controllers */ = {
			isa = PBXGroup;
			children = (
				157EF6AB22292F8700DC02EC /* PendingNavigationViewController.swift */,
				15422A4A222B58560085BC1D /* PendingCustomersViewController.swift */,
				15422A4C222B58E40085BC1D /* CustomersPendingTableViewCell.swift */,
			);
			path = "Pending Job Controllers";
			sourceTree = "<group>";
		};
		1582CFD6220E243A00EF8AA7 = {
			isa = PBXGroup;
			children = (
				1582CFE1220E243A00EF8AA7 /* FixIN */,
				1582CFE0220E243A00EF8AA7 /* Products */,
				2F3B9BC3EFFFB92085E7896F /* Pods */,
				AAD48F47A4DDA7A3B442D3C6 /* Frameworks */,
			);
			sourceTree = "<group>";
		};
		1582CFE0220E243A00EF8AA7 /* Products */ = {
			isa = PBXGroup;
			children = (
				1582CFDF220E243A00EF8AA7 /* FixIN.app */,
			);
			name = Products;
			sourceTree = "<group>";
		};
		1582CFE1220E243A00EF8AA7 /* FixIN */ = {
			isa = PBXGroup;
			children = (
				150112D9221F984000AC34AC /* TradesmanViewControllers */,
				150112D8221F7DCA00AC34AC /* CustomerViewControllers */,
				1582CFE2220E243A00EF8AA7 /* AppDelegate.swift */,
				1582CFE4220E243A00EF8AA7 /* ViewController.swift */,
				1582CFE6220E243A00EF8AA7 /* Main.storyboard */,
				1582CFE9220E244100EF8AA7 /* Assets.xcassets */,
				1582CFEB220E244100EF8AA7 /* LaunchScreen.storyboard */,
				1582CFEE220E244100EF8AA7 /* Info.plist */,
				157240AF221E07740025EF68 /* GoogleService-Info.plist */,
				15CD5E1B2239CB93004F88DC /* Test_&_Sample.swift */,
			);
			path = FixIN;
			sourceTree = "<group>";
		};
		1586CFAA223B0D6300B2EB83 /* Controller */ = {
			isa = PBXGroup;
			children = (
				150112DA221F986A00AC34AC /* TradesmanLoginViewController.swift */,
				150112DC221F988300AC34AC /* TradesmanRegisterViewController.swift */,
			);
			path = Controller;
			sourceTree = "<group>";
		};
		1586CFAE223B154F00B2EB83 /* Controllers */ = {
			isa = PBXGroup;
			children = (
				155A874D221920DC006EBEE2 /* TradesmanListViewController.swift */,
				153207C2222629700029F4BF /* TradesmanTableViewCell.swift */,
				153207C422262A120029F4BF /* TradesmanDetailViewController.swift */,
				158DD631222F5D3E0017A692 /* ChatTradesmanViewController.swift */,
				15BC5B7A2256CB7300A11C28 /* ChatCollectionViewCell.swift */,
			);
			path = Controllers;
			sourceTree = "<group>";
		};
		159481662243118600ED94D7 /* ProfileTradesmanControllers */ = {
			isa = PBXGroup;
			children = (
				157EF69D22290F6500DC02EC /* TradesmanProfileViewController.swift */,
				1594816222430EED00ED94D7 /* TradesmanProfileNavigationViewController.swift */,
				159481642243116F00ED94D7 /* MenuTradesmanProfileViewController.swift */,
			);
			path = ProfileTradesmanControllers;
			sourceTree = "<group>";
		};
		1599CF1E224F1218001BBF31 /* UsersBookings */ = {
			isa = PBXGroup;
			children = (
				15789A45224F08650023F608 /* UserBookingsViewController.swift */,
				1599CF1F224F1249001BBF31 /* ViewUserBookingTableViewCell.swift */,
				153DB5E422530FEC007295BB /* ReviewTradesmanViewController.swift */,
			);
			path = UsersBookings;
			sourceTree = "<group>";
		};
		15B0AF812238920A00234675 /* Models */ = {
			isa = PBXGroup;
			children = (
				15B0AF822238924200234675 /* CategoryList.swift */,
			);
			path = Models;
			sourceTree = "<group>";
		};
		15FCA708224432900000F813 /* ChatModel */ = {
			isa = PBXGroup;
			children = (
				15FCA70A224432BB0000F813 /* Message.swift */,
			);
			path = ChatModel;
			sourceTree = "<group>";
		};
		15FCA7092244329B0000F813 /* ChatControllers */ = {
			isa = PBXGroup;
			children = (
				15FCA70622442AC70000F813 /* UserChatListTableViewController.swift */,
				15FCA70C22446A910000F813 /* UserChatTableViewCell.swift */,
			);
			path = ChatControllers;
			sourceTree = "<group>";
		};
		2F3B9BC3EFFFB92085E7896F /* Pods */ = {
			isa = PBXGroup;
			children = (
				F5352CF17D4D8075AA092DFA /* Pods-FixIN.debug.xcconfig */,
				76F9F6F2C2AB7B05D5BAB504 /* Pods-FixIN.release.xcconfig */,
			);
			path = Pods;
			sourceTree = "<group>";
		};
		AAD48F47A4DDA7A3B442D3C6 /* Frameworks */ = {
			isa = PBXGroup;
			children = (
				0523165AE53B4BDA2B0E48D1 /* Pods_FixIN.framework */,
			);
			name = Frameworks;
			sourceTree = "<group>";
		};
/* End PBXGroup section */

/* Begin PBXNativeTarget section */
		1582CFDE220E243A00EF8AA7 /* FixIN */ = {
			isa = PBXNativeTarget;
			buildConfigurationList = 1582CFF1220E244100EF8AA7 /* Build configuration list for PBXNativeTarget "FixIN" */;
			buildPhases = (
				6D0CDC62C8BA0DA4A750FA99 /* [CP] Check Pods Manifest.lock */,
				1582CFDB220E243A00EF8AA7 /* Sources */,
				1582CFDC220E243A00EF8AA7 /* Frameworks */,
				1582CFDD220E243A00EF8AA7 /* Resources */,
				ABE8925AED28C22D5F8306EA /* [CP] Embed Pods Frameworks */,
			);
			buildRules = (
			);
			dependencies = (
			);
			name = FixIN;
			productName = FixIN;
			productReference = 1582CFDF220E243A00EF8AA7 /* FixIN.app */;
			productType = "com.apple.product-type.application";
		};
/* End PBXNativeTarget section */

/* Begin PBXProject section */
		1582CFD7220E243A00EF8AA7 /* Project object */ = {
			isa = PBXProject;
			attributes = {
				LastSwiftUpdateCheck = 1010;
				LastUpgradeCheck = 1010;
				ORGANIZATIONNAME = "Meet Madhu";
				TargetAttributes = {
					1582CFDE220E243A00EF8AA7 = {
						CreatedOnToolsVersion = 10.1;
					};
				};
			};
			buildConfigurationList = 1582CFDA220E243A00EF8AA7 /* Build configuration list for PBXProject "FixIN" */;
			compatibilityVersion = "Xcode 9.3";
			developmentRegion = en;
			hasScannedForEncodings = 0;
			knownRegions = (
				en,
				Base,
			);
			mainGroup = 1582CFD6220E243A00EF8AA7;
			productRefGroup = 1582CFE0220E243A00EF8AA7 /* Products */;
			projectDirPath = "";
			projectRoot = "";
			targets = (
				1582CFDE220E243A00EF8AA7 /* FixIN */,
			);
		};
/* End PBXProject section */

/* Begin PBXResourcesBuildPhase section */
		1582CFDD220E243A00EF8AA7 /* Resources */ = {
			isa = PBXResourcesBuildPhase;
			buildActionMask = 2147483647;
			files = (
				1582CFED220E244100EF8AA7 /* LaunchScreen.storyboard in Resources */,
				157240B0221E07750025EF68 /* GoogleService-Info.plist in Resources */,
				1582CFEA220E244100EF8AA7 /* Assets.xcassets in Resources */,
				1582CFE8220E243A00EF8AA7 /* Main.storyboard in Resources */,
			);
			runOnlyForDeploymentPostprocessing = 0;
		};
/* End PBXResourcesBuildPhase section */

/* Begin PBXShellScriptBuildPhase section */
		6D0CDC62C8BA0DA4A750FA99 /* [CP] Check Pods Manifest.lock */ = {
			isa = PBXShellScriptBuildPhase;
			buildActionMask = 2147483647;
			files = (
			);
			inputFileListPaths = (
			);
			inputPaths = (
				"${PODS_PODFILE_DIR_PATH}/Podfile.lock",
				"${PODS_ROOT}/Manifest.lock",
			);
			name = "[CP] Check Pods Manifest.lock";
			outputFileListPaths = (
			);
			outputPaths = (
				"$(DERIVED_FILE_DIR)/Pods-FixIN-checkManifestLockResult.txt",
			);
			runOnlyForDeploymentPostprocessing = 0;
			shellPath = /bin/sh;
			shellScript = "diff \"${PODS_PODFILE_DIR_PATH}/Podfile.lock\" \"${PODS_ROOT}/Manifest.lock\" > /dev/null\nif [ $? != 0 ] ; then\n    # print error to STDERR\n    echo \"error: The sandbox is not in sync with the Podfile.lock. Run 'pod install' or update your CocoaPods installation.\" >&2\n    exit 1\nfi\n# This output is used by Xcode 'outputs' to avoid re-running this script phase.\necho \"SUCCESS\" > \"${SCRIPT_OUTPUT_FILE_0}\"\n";
			showEnvVarsInLog = 0;
		};
		ABE8925AED28C22D5F8306EA /* [CP] Embed Pods Frameworks */ = {
			isa = PBXShellScriptBuildPhase;
			buildActionMask = 2147483647;
			files = (
			);
			inputFileListPaths = (
			);
			inputPaths = (
				"${PODS_ROOT}/Target Support Files/Pods-FixIN/Pods-FixIN-frameworks.sh",
				"${BUILT_PRODUCTS_DIR}/Bolts/Bolts.framework",
				"${BUILT_PRODUCTS_DIR}/BoringSSL-GRPC/openssl_grpc.framework",
				"${BUILT_PRODUCTS_DIR}/FBSDKCoreKit/FBSDKCoreKit.framework",
				"${BUILT_PRODUCTS_DIR}/FBSDKLoginKit/FBSDKLoginKit.framework",
				"${BUILT_PRODUCTS_DIR}/FBSDKShareKit/FBSDKShareKit.framework",
				"${BUILT_PRODUCTS_DIR}/FacebookCore/FacebookCore.framework",
				"${BUILT_PRODUCTS_DIR}/FacebookLogin/FacebookLogin.framework",
				"${BUILT_PRODUCTS_DIR}/FacebookShare/FacebookShare.framework",
				"${BUILT_PRODUCTS_DIR}/GTMSessionFetcher/GTMSessionFetcher.framework",
				"${BUILT_PRODUCTS_DIR}/GoogleUtilities/GoogleUtilities.framework",
				"${BUILT_PRODUCTS_DIR}/MessageInputBar/MessageInputBar.framework",
				"${BUILT_PRODUCTS_DIR}/MessageKit/MessageKit.framework",
				"${BUILT_PRODUCTS_DIR}/Protobuf/Protobuf.framework",
				"${BUILT_PRODUCTS_DIR}/SideMenu/SideMenu.framework",
				"${BUILT_PRODUCTS_DIR}/SwiftyJSON/SwiftyJSON.framework",
				"${BUILT_PRODUCTS_DIR}/gRPC-C++/grpcpp.framework",
				"${BUILT_PRODUCTS_DIR}/gRPC-Core/grpc.framework",
				"${BUILT_PRODUCTS_DIR}/leveldb-library/leveldb.framework",
				"${BUILT_PRODUCTS_DIR}/nanopb/nanopb.framework",
			);
			name = "[CP] Embed Pods Frameworks";
			outputFileListPaths = (
			);
			outputPaths = (
				"${TARGET_BUILD_DIR}/${FRAMEWORKS_FOLDER_PATH}/Bolts.framework",
				"${TARGET_BUILD_DIR}/${FRAMEWORKS_FOLDER_PATH}/openssl_grpc.framework",
				"${TARGET_BUILD_DIR}/${FRAMEWORKS_FOLDER_PATH}/FBSDKCoreKit.framework",
				"${TARGET_BUILD_DIR}/${FRAMEWORKS_FOLDER_PATH}/FBSDKLoginKit.framework",
				"${TARGET_BUILD_DIR}/${FRAMEWORKS_FOLDER_PATH}/FBSDKShareKit.framework",
				"${TARGET_BUILD_DIR}/${FRAMEWORKS_FOLDER_PATH}/FacebookCore.framework",
				"${TARGET_BUILD_DIR}/${FRAMEWORKS_FOLDER_PATH}/FacebookLogin.framework",
				"${TARGET_BUILD_DIR}/${FRAMEWORKS_FOLDER_PATH}/FacebookShare.framework",
				"${TARGET_BUILD_DIR}/${FRAMEWORKS_FOLDER_PATH}/GTMSessionFetcher.framework",
				"${TARGET_BUILD_DIR}/${FRAMEWORKS_FOLDER_PATH}/GoogleUtilities.framework",
				"${TARGET_BUILD_DIR}/${FRAMEWORKS_FOLDER_PATH}/MessageInputBar.framework",
				"${TARGET_BUILD_DIR}/${FRAMEWORKS_FOLDER_PATH}/MessageKit.framework",
				"${TARGET_BUILD_DIR}/${FRAMEWORKS_FOLDER_PATH}/Protobuf.framework",
				"${TARGET_BUILD_DIR}/${FRAMEWORKS_FOLDER_PATH}/SideMenu.framework",
				"${TARGET_BUILD_DIR}/${FRAMEWORKS_FOLDER_PATH}/SwiftyJSON.framework",
				"${TARGET_BUILD_DIR}/${FRAMEWORKS_FOLDER_PATH}/grpcpp.framework",
				"${TARGET_BUILD_DIR}/${FRAMEWORKS_FOLDER_PATH}/grpc.framework",
				"${TARGET_BUILD_DIR}/${FRAMEWORKS_FOLDER_PATH}/leveldb.framework",
				"${TARGET_BUILD_DIR}/${FRAMEWORKS_FOLDER_PATH}/nanopb.framework",
			);
			runOnlyForDeploymentPostprocessing = 0;
			shellPath = /bin/sh;
			shellScript = "\"${PODS_ROOT}/Target Support Files/Pods-FixIN/Pods-FixIN-frameworks.sh\"\n";
			showEnvVarsInLog = 0;
		};
/* End PBXShellScriptBuildPhase section */

/* Begin PBXSourcesBuildPhase section */
		1582CFDB220E243A00EF8AA7 /* Sources */ = {
			isa = PBXSourcesBuildPhase;
			buildActionMask = 2147483647;
			files = (
				15BFCC73225D71C5003EA6C1 /* NotificationTableViewCell.swift in Sources */,
				158DD628222F333D0017A692 /* ProfileNavigationViewController.swift in Sources */,
				15422A4B222B58560085BC1D /* PendingCustomersViewController.swift in Sources */,
				157EF6AC22292F8700DC02EC /* PendingNavigationViewController.swift in Sources */,
				1552110C224DD3F50080AB5B /* CategoryCollectionViewCell.swift in Sources */,
				155A87462218FA2B006EBEE2 /* LoginViewController.swift in Sources */,
				155A87442218F2EE006EBEE2 /* RegisterViewController.swift in Sources */,
				159481652243116F00ED94D7 /* MenuTradesmanProfileViewController.swift in Sources */,
				1582CFE5220E243A00EF8AA7 /* ViewController.swift in Sources */,
				150112DD221F988300AC34AC /* TradesmanRegisterViewController.swift in Sources */,
				15FCA70D22446A910000F813 /* UserChatTableViewCell.swift in Sources */,
				153207CE222685050029F4BF /* ProfileViewController.swift in Sources */,
				1594816322430EED00ED94D7 /* TradesmanProfileNavigationViewController.swift in Sources */,
				158DD62E222F34D50017A692 /* SearchViewController.swift in Sources */,
				157EF6B22229329300DC02EC /* ConfirmJobsNavigationViewController.swift in Sources */,
				15789A46224F08650023F608 /* UserBookingsViewController.swift in Sources */,
				15BC5B7B2256CB7300A11C28 /* ChatCollectionViewCell.swift in Sources */,
				157EF69E22290F6500DC02EC /* TradesmanProfileViewController.swift in Sources */,
				1582CFE3220E243A00EF8AA7 /* AppDelegate.swift in Sources */,
				157EF6B62229345B00DC02EC /* CustomerTableViewCell.swift in Sources */,
				153207C022260D3B0029F4BF /* SignupEmailViewController.swift in Sources */,
				153207C522262A120029F4BF /* TradesmanDetailViewController.swift in Sources */,
				15CD5E1C2239CB93004F88DC /* Test_&_Sample.swift in Sources */,
				15B0AF832238924200234675 /* CategoryList.swift in Sources */,
				15F1A8E9221931D00075B0AF /* ShowCategory.swift in Sources */,
				158DD632222F5D3E0017A692 /* ChatTradesmanViewController.swift in Sources */,
				1594815D2241923500ED94D7 /* SearchTradesmanTableViewCell.swift in Sources */,
				155A874E221920DC006EBEE2 /* TradesmanListViewController.swift in Sources */,
				15422A4D222B58E40085BC1D /* CustomersPendingTableViewCell.swift in Sources */,
				158DD62A222F33F20017A692 /* NotificationNavigationViewController.swift in Sources */,
				15422A4F222B624D0085BC1D /* ChatWithCustomerViewController.swift in Sources */,
				158DD62C222F347C0017A692 /* SearchNavigationViewController.swift in Sources */,
				15FCA70B224432BB0000F813 /* Message.swift in Sources */,
				150112DB221F986A00AC34AC /* TradesmanLoginViewController.swift in Sources */,
				15FCA70722442AC70000F813 /* UserChatListTableViewController.swift in Sources */,
				15548C21224AF14300833043 /* SearchTableViewController.swift in Sources */,
				158DD630222F34F90017A692 /* NotificationViewController.swift in Sources */,
				157EF6BA2229355200DC02EC /* ConfirmCustomerListViewController.swift in Sources */,
				1599CF20224F1249001BBF31 /* ViewUserBookingTableViewCell.swift in Sources */,
				151FB2B7223B309000B9FC83 /* SideMenuViewController.swift in Sources */,
				153DB5E522530FEC007295BB /* ReviewTradesmanViewController.swift in Sources */,
				153207C3222629700029F4BF /* TradesmanTableViewCell.swift in Sources */,
			);
			runOnlyForDeploymentPostprocessing = 0;
		};
/* End PBXSourcesBuildPhase section */

/* Begin PBXVariantGroup section */
		1582CFE6220E243A00EF8AA7 /* Main.storyboard */ = {
			isa = PBXVariantGroup;
			children = (
				1582CFE7220E243A00EF8AA7 /* Base */,
			);
			name = Main.storyboard;
			sourceTree = "<group>";
		};
		1582CFEB220E244100EF8AA7 /* LaunchScreen.storyboard */ = {
			isa = PBXVariantGroup;
			children = (
				1582CFEC220E244100EF8AA7 /* Base */,
			);
			name = LaunchScreen.storyboard;
			sourceTree = "<group>";
		};
/* End PBXVariantGroup section */

/* Begin XCBuildConfiguration section */
		1582CFEF220E244100EF8AA7 /* Debug */ = {
			isa = XCBuildConfiguration;
			buildSettings = {
				ALWAYS_SEARCH_USER_PATHS = NO;
				CLANG_ANALYZER_NONNULL = YES;
				CLANG_ANALYZER_NUMBER_OBJECT_CONVERSION = YES_AGGRESSIVE;
				CLANG_CXX_LANGUAGE_STANDARD = "gnu++14";
				CLANG_CXX_LIBRARY = "libc++";
				CLANG_ENABLE_MODULES = YES;
				CLANG_ENABLE_OBJC_ARC = YES;
				CLANG_ENABLE_OBJC_WEAK = YES;
				CLANG_WARN_BLOCK_CAPTURE_AUTORELEASING = YES;
				CLANG_WARN_BOOL_CONVERSION = YES;
				CLANG_WARN_COMMA = YES;
				CLANG_WARN_CONSTANT_CONVERSION = YES;
				CLANG_WARN_DEPRECATED_OBJC_IMPLEMENTATIONS = YES;
				CLANG_WARN_DIRECT_OBJC_ISA_USAGE = YES_ERROR;
				CLANG_WARN_DOCUMENTATION_COMMENTS = YES;
				CLANG_WARN_EMPTY_BODY = YES;
				CLANG_WARN_ENUM_CONVERSION = YES;
				CLANG_WARN_INFINITE_RECURSION = YES;
				CLANG_WARN_INT_CONVERSION = YES;
				CLANG_WARN_NON_LITERAL_NULL_CONVERSION = YES;
				CLANG_WARN_OBJC_IMPLICIT_RETAIN_SELF = YES;
				CLANG_WARN_OBJC_LITERAL_CONVERSION = YES;
				CLANG_WARN_OBJC_ROOT_CLASS = YES_ERROR;
				CLANG_WARN_RANGE_LOOP_ANALYSIS = YES;
				CLANG_WARN_STRICT_PROTOTYPES = YES;
				CLANG_WARN_SUSPICIOUS_MOVE = YES;
				CLANG_WARN_UNGUARDED_AVAILABILITY = YES_AGGRESSIVE;
				CLANG_WARN_UNREACHABLE_CODE = YES;
				CLANG_WARN__DUPLICATE_METHOD_MATCH = YES;
				CODE_SIGN_IDENTITY = "iPhone Developer";
				COPY_PHASE_STRIP = NO;
				DEBUG_INFORMATION_FORMAT = dwarf;
				ENABLE_STRICT_OBJC_MSGSEND = YES;
				ENABLE_TESTABILITY = YES;
				GCC_C_LANGUAGE_STANDARD = gnu11;
				GCC_DYNAMIC_NO_PIC = NO;
				GCC_NO_COMMON_BLOCKS = YES;
				GCC_OPTIMIZATION_LEVEL = 0;
				GCC_PREPROCESSOR_DEFINITIONS = (
					"DEBUG=1",
					"$(inherited)",
				);
				GCC_WARN_64_TO_32_BIT_CONVERSION = YES;
				GCC_WARN_ABOUT_RETURN_TYPE = YES_ERROR;
				GCC_WARN_UNDECLARED_SELECTOR = YES;
				GCC_WARN_UNINITIALIZED_AUTOS = YES_AGGRESSIVE;
				GCC_WARN_UNUSED_FUNCTION = YES;
				GCC_WARN_UNUSED_VARIABLE = YES;
				IPHONEOS_DEPLOYMENT_TARGET = 12.1;
				MTL_ENABLE_DEBUG_INFO = INCLUDE_SOURCE;
				MTL_FAST_MATH = YES;
				ONLY_ACTIVE_ARCH = YES;
				SDKROOT = iphoneos;
				SWIFT_ACTIVE_COMPILATION_CONDITIONS = DEBUG;
				SWIFT_OPTIMIZATION_LEVEL = "-Onone";
			};
			name = Debug;
		};
		1582CFF0220E244100EF8AA7 /* Release */ = {
			isa = XCBuildConfiguration;
			buildSettings = {
				ALWAYS_SEARCH_USER_PATHS = NO;
				CLANG_ANALYZER_NONNULL = YES;
				CLANG_ANALYZER_NUMBER_OBJECT_CONVERSION = YES_AGGRESSIVE;
				CLANG_CXX_LANGUAGE_STANDARD = "gnu++14";
				CLANG_CXX_LIBRARY = "libc++";
				CLANG_ENABLE_MODULES = YES;
				CLANG_ENABLE_OBJC_ARC = YES;
				CLANG_ENABLE_OBJC_WEAK = YES;
				CLANG_WARN_BLOCK_CAPTURE_AUTORELEASING = YES;
				CLANG_WARN_BOOL_CONVERSION = YES;
				CLANG_WARN_COMMA = YES;
				CLANG_WARN_CONSTANT_CONVERSION = YES;
				CLANG_WARN_DEPRECATED_OBJC_IMPLEMENTATIONS = YES;
				CLANG_WARN_DIRECT_OBJC_ISA_USAGE = YES_ERROR;
				CLANG_WARN_DOCUMENTATION_COMMENTS = YES;
				CLANG_WARN_EMPTY_BODY = YES;
				CLANG_WARN_ENUM_CONVERSION = YES;
				CLANG_WARN_INFINITE_RECURSION = YES;
				CLANG_WARN_INT_CONVERSION = YES;
				CLANG_WARN_NON_LITERAL_NULL_CONVERSION = YES;
				CLANG_WARN_OBJC_IMPLICIT_RETAIN_SELF = YES;
				CLANG_WARN_OBJC_LITERAL_CONVERSION = YES;
				CLANG_WARN_OBJC_ROOT_CLASS = YES_ERROR;
				CLANG_WARN_RANGE_LOOP_ANALYSIS = YES;
				CLANG_WARN_STRICT_PROTOTYPES = YES;
				CLANG_WARN_SUSPICIOUS_MOVE = YES;
				CLANG_WARN_UNGUARDED_AVAILABILITY = YES_AGGRESSIVE;
				CLANG_WARN_UNREACHABLE_CODE = YES;
				CLANG_WARN__DUPLICATE_METHOD_MATCH = YES;
				CODE_SIGN_IDENTITY = "iPhone Developer";
				COPY_PHASE_STRIP = NO;
				DEBUG_INFORMATION_FORMAT = "dwarf-with-dsym";
				ENABLE_NS_ASSERTIONS = NO;
				ENABLE_STRICT_OBJC_MSGSEND = YES;
				GCC_C_LANGUAGE_STANDARD = gnu11;
				GCC_NO_COMMON_BLOCKS = YES;
				GCC_WARN_64_TO_32_BIT_CONVERSION = YES;
				GCC_WARN_ABOUT_RETURN_TYPE = YES_ERROR;
				GCC_WARN_UNDECLARED_SELECTOR = YES;
				GCC_WARN_UNINITIALIZED_AUTOS = YES_AGGRESSIVE;
				GCC_WARN_UNUSED_FUNCTION = YES;
				GCC_WARN_UNUSED_VARIABLE = YES;
				IPHONEOS_DEPLOYMENT_TARGET = 12.1;
				MTL_ENABLE_DEBUG_INFO = NO;
				MTL_FAST_MATH = YES;
				SDKROOT = iphoneos;
				SWIFT_COMPILATION_MODE = wholemodule;
				SWIFT_OPTIMIZATION_LEVEL = "-O";
				VALIDATE_PRODUCT = YES;
			};
			name = Release;
		};
		1582CFF2220E244100EF8AA7 /* Debug */ = {
			isa = XCBuildConfiguration;
			baseConfigurationReference = F5352CF17D4D8075AA092DFA /* Pods-FixIN.debug.xcconfig */;
			buildSettings = {
				ASSETCATALOG_COMPILER_APPICON_NAME = AppIcon;
				CODE_SIGN_STYLE = Automatic;
				DEVELOPMENT_TEAM = SBR6R898LC;
				INFOPLIST_FILE = FixIN/Info.plist;
				LD_RUNPATH_SEARCH_PATHS = (
					"$(inherited)",
					"@executable_path/Frameworks",
				);
				PRODUCT_BUNDLE_IDENTIFIER = Sample.FixIN;
				PRODUCT_NAME = "$(TARGET_NAME)";
				SWIFT_VERSION = 4.2;
				TARGETED_DEVICE_FAMILY = "1,2";
			};
			name = Debug;
		};
		1582CFF3220E244100EF8AA7 /* Release */ = {
			isa = XCBuildConfiguration;
			baseConfigurationReference = 76F9F6F2C2AB7B05D5BAB504 /* Pods-FixIN.release.xcconfig */;
			buildSettings = {
				ASSETCATALOG_COMPILER_APPICON_NAME = AppIcon;
				CODE_SIGN_STYLE = Automatic;
				DEVELOPMENT_TEAM = SBR6R898LC;
				INFOPLIST_FILE = FixIN/Info.plist;
				LD_RUNPATH_SEARCH_PATHS = (
					"$(inherited)",
					"@executable_path/Frameworks",
				);
				PRODUCT_BUNDLE_IDENTIFIER = Sample.FixIN;
				PRODUCT_NAME = "$(TARGET_NAME)";
				SWIFT_VERSION = 4.2;
				TARGETED_DEVICE_FAMILY = "1,2";
			};
			name = Release;
		};
/* End XCBuildConfiguration section */

/* Begin XCConfigurationList section */
		1582CFDA220E243A00EF8AA7 /* Build configuration list for PBXProject "FixIN" */ = {
			isa = XCConfigurationList;
			buildConfigurations = (
				1582CFEF220E244100EF8AA7 /* Debug */,
				1582CFF0220E244100EF8AA7 /* Release */,
			);
			defaultConfigurationIsVisible = 0;
			defaultConfigurationName = Release;
		};
		1582CFF1220E244100EF8AA7 /* Build configuration list for PBXNativeTarget "FixIN" */ = {
			isa = XCConfigurationList;
			buildConfigurations = (
				1582CFF2220E244100EF8AA7 /* Debug */,
				1582CFF3220E244100EF8AA7 /* Release */,
			);
			defaultConfigurationIsVisible = 0;
			defaultConfigurationName = Release;
		};
/* End XCConfigurationList section */
	};
	rootObject = 1582CFD7220E243A00EF8AA7 /* Project object */;
}
